
Microsoft Visual Studio Solution File, Format Version 12.00
# Visual Studio Version 16
VisualStudioVersion = 16.0.34114.132
MinimumVisualStudioVersion = 10.0.40219.1
Project("{8BC9CEB8-8B4A-11D0-8D11-00A0C91BC942}") = "DLL_AssaultCube", "DLL_AssaultCube.vcxproj", "{9998402E-E5D3-468F-9DDC-AB36030BDFD8}"
EndProject
Global
	GlobalSection(SolutionConfigurationPlatforms) = preSolution
		Debug|x64 = Debug|x64
		Debug|x86 = Debug|x86
		Release|x64 = Release|x64
		Release|x86 = Release|x86
	EndGlobalSection
	GlobalSection(ProjectConfigurationPlatforms) = postSolution
		{9998402E-E5D3-468F-9DDC-AB36030BDFD8}.Debug|x64.ActiveCfg = Debug|x64
		{9998402E-E5D3-468F-9DDC-AB36030BDFD8}.Debug|x64.Build.0 = Debug|x64
		{9998402E-E5D3-468F-9DDC-AB36030BDFD8}.Debug|x86.ActiveCfg = Debug|Win32
		{9998402E-E5D3-468F-9DDC-AB36030BDFD8}.Debug|x86.Build.0 = Debug|Win32
		{9998402E-E5D3-468F-9DDC-AB36030BDFD8}.Release|x64.ActiveCfg = Release|x64
		{9998402E-E5D3-468F-9DDC-AB36030BDFD8}.Release|x64.Build.0 = Release|x64
		{9998402E-E5D3-468F-9DDC-AB36030BDFD8}.Release|x86.ActiveCfg = Release|Win32
		{9998402E-E5D3-468F-9DDC-AB36030BDFD8}.Release|x86.Build.0 = Release|Win32
	EndGlobalSection
	GlobalSection(SolutionProperties) = preSolution
		HideSolutionNode = FALSE
	EndGlobalSection
	GlobalSection(ExtensibilityGlobals) = postSolution
		SolutionGuid = {1CB6B327-6A71-470C-BE74-2D026EAA5F6E}
	EndGlobalSection
EndGlobal
