<?xml version="1.0" encoding="utf-8"?>
<Project ToolsVersion="4.0" xmlns="http://schemas.microsoft.com/developer/msbuild/2003">
  <ItemGroup>
    <Filter Include="Source Files">
      <UniqueIdentifier>{4FC737F1-C7A5-4376-A066-2A32D752A2FF}</UniqueIdentifier>
      <Extensions>cpp;c;cc;cxx;c++;cppm;ixx;def;odl;idl;hpj;bat;asm;asmx</Extensions>
    </Filter>
    <Filter Include="Header Files">
      <UniqueIdentifier>{93995380-89BD-4b04-88EB-625FBE52EBFB}</UniqueIdentifier>
      <Extensions>h;hh;hpp;hxx;h++;hm;inl;inc;ipp;xsd</Extensions>
    </Filter>
    <Filter Include="Hooking">
      <UniqueIdentifier>{fb898962-dcc6-411a-899a-602880d69337}</UniqueIdentifier>
    </Filter>
    <Filter Include="Entity list">
      <UniqueIdentifier>{5a43d37c-cffa-4d8e-a3f8-1ec07efe2610}</UniqueIdentifier>
    </Filter>
    <Filter Include="Global">
      <UniqueIdentifier>{36d15680-8c2d-496e-8770-624be1ed4967}</UniqueIdentifier>
    </Filter>
    <Filter Include="Draw">
      <UniqueIdentifier>{a249e9c9-c529-495a-bc52-ac387de3daf5}</UniqueIdentifier>
    </Filter>
    <Filter Include="Esp">
      <UniqueIdentifier>{8af9f99a-7bc8-41aa-b64f-8b80e49bee9a}</UniqueIdentifier>
    </Filter>
  </ItemGroup>
  <ItemGroup>
    <ClInclude Include="header.h">
      <Filter>Header Files</Filter>
    </ClInclude>
    <ClInclude Include="hooking.h">
      <Filter>Hooking</Filter>
    </ClInclude>
    <ClInclude Include="entity.h">
      <Filter>Entity list</Filter>
    </ClInclude>
    <ClInclude Include="global.h">
      <Filter>Global</Filter>
    </ClInclude>
    <ClInclude Include="draw.h">
      <Filter>Draw</Filter>
    </ClInclude>
    <ClInclude Include="esp.h">
      <Filter>Esp</Filter>
    </ClInclude>
  </ItemGroup>
  <ItemGroup>
    <ClCompile Include="dllmain.cpp">
      <Filter>Source Files</Filter>
    </ClCompile>
    <ClCompile Include="header.cpp">
      <Filter>Header Files</Filter>
    </ClCompile>
    <ClCompile Include="hooking.cpp">
      <Filter>Hooking</Filter>
    </ClCompile>
    <ClCompile Include="entity.cpp">
      <Filter>Entity list</Filter>
    </ClCompile>
    <ClCompile Include="global.cpp">
      <Filter>Global</Filter>
    </ClCompile>
    <ClCompile Include="draw.cpp">
      <Filter>Draw</Filter>
    </ClCompile>
    <ClCompile Include="esp.cpp">
      <Filter>Esp</Filter>
    </ClCompile>
  </ItemGroup>
</Project>